// !$*UTF8*$!
{
	archiveVersion = 1;
	classes = {
	};
	objectVersion = 56;
	objects = {

/* Begin PBXBuildFile section */
		2CC3CF152CF3B5DD00CA61AB /* BocznyScannerApp.swift in Sources */ = {isa = PBXBuildFile; fileRef = 2CC3CF142CF3B5DD00CA61AB /* BocznyScannerApp.swift */; };
		2CC3CF172CF3B5DD00CA61AB /* ContentView.swift in Sources */ = {isa = PBXBuildFile; fileRef = 2CC3CF162CF3B5DD00CA61AB /* ContentView.swift */; };
		2CC3CF192CF3B5DF00CA61AB /* Assets.xcassets in Resources */ = {isa = PBXBuildFile; fileRef = 2CC3CF182CF3B5DF00CA61AB /* Assets.xcassets */; };
		2CC3CF1C2CF3B5DF00CA61AB /* Preview Assets.xcassets in Resources */ = {isa = PBXBuildFile; fileRef = 2CC3CF1B2CF3B5DF00CA61AB /* Preview Assets.xcassets */; };
		2CC3CF1E2CF3B5DF00CA61AB /* Persistence.swift in Sources */ = {isa = PBXBuildFile; fileRef = 2CC3CF1D2CF3B5DF00CA61AB /* Persistence.swift */; };
		2CC3CF212CF3B5DF00CA61AB /* BocznyScanner.xcdatamodeld in Sources */ = {isa = PBXBuildFile; fileRef = 2CC3CF1F2CF3B5DF00CA61AB /* BocznyScanner.xcdatamodeld */; };
/* End PBXBuildFile section */

/* Begin PBXFileReference section */
		2CC3CF112CF3B5DD00CA61AB /* BocznyScanner.app */ = {isa = PBXFileReference; explicitFileType = wrapper.application; includeInIndex = 0; path = BocznyScanner.app; sourceTree = BUILT_PRODUCTS_DIR; };
		2CC3CF142CF3B5DD00CA61AB /* BocznyScannerApp.swift */ = {isa = PBXFileReference; lastKnownFileType = sourcecode.swift; path = BocznyScannerApp.swift; sourceTree = "<group>"; };
		2CC3CF162CF3B5DD00CA61AB /* ContentView.swift */ = {isa = PBXFileReference; lastKnownFileType = sourcecode.swift; path = ContentView.swift; sourceTree = "<group>"; };
		2CC3CF182CF3B5DF00CA61AB /* Assets.xcassets */ = {isa = PBXFileReference; lastKnownFileType = folder.assetcatalog; path = Assets.xcassets; sourceTree = "<group>"; };
		2CC3CF1B2CF3B5DF00CA61AB /* Preview Assets.xcassets */ = {isa = PBXFileReference; lastKnownFileType = folder.assetcatalog; path = "Preview Assets.xcassets"; sourceTree = "<group>"; };
		2CC3CF1D2CF3B5DF00CA61AB /* Persistence.swift */ = {isa = PBXFileReference; lastKnownFileType = sourcecode.swift; path = Persistence.swift; sourceTree = "<group>"; };
		2CC3CF202CF3B5DF00CA61AB /* BocznyScanner.xcdatamodel */ = {isa = PBXFileReference; lastKnownFileType = wrapper.xcdatamodel; path = BocznyScanner.xcdatamodel; sourceTree = "<group>"; };
/* End PBXFileReference section */

/* Begin PBXFrameworksBuildPhase section */
		2CC3CF0E2CF3B5DD00CA61AB /* Frameworks */ = {
			isa = PBXFrameworksBuildPhase;
			buildActionMask = 2147483647;
			files = (
			);
			runOnlyForDeploymentPostprocessing = 0;
		};
/* End PBXFrameworksBuildPhase section */

/* Begin PBXGroup section */
		2CC3CF082CF3B5DC00CA61AB = {
			isa = PBXGroup;
			children = (
				2CC3CF132CF3B5DD00CA61AB /* BocznyScanner */,
				2CC3CF122CF3B5DD00CA61AB /* Products */,
			);
			sourceTree = "<group>";
		};
		2CC3CF122CF3B5DD00CA61AB /* Products */ = {
			isa = PBXGroup;
			children = (
				2CC3CF112CF3B5DD00CA61AB /* BocznyScanner.app */,
			);
			name = Products;
			sourceTree = "<group>";
		};
		2CC3CF132CF3B5DD00CA61AB /* BocznyScanner */ = {
			isa = PBXGroup;
			children = (
				2CC3CF142CF3B5DD00CA61AB /* BocznyScannerApp.swift */,
				2CC3CF162CF3B5DD00CA61AB /* ContentView.swift */,
				2CC3CF182CF3B5DF00CA61AB /* Assets.xcassets */,
				2CC3CF1D2CF3B5DF00CA61AB /* Persistence.swift */,
				2CC3CF1F2CF3B5DF00CA61AB /* BocznyScanner.xcdatamodeld */,
				2CC3CF1A2CF3B5DF00CA61AB /* Preview Content */,
			);
			path = BocznyScanner;
			sourceTree = "<group>";
		};
		2CC3CF1A2CF3B5DF00CA61AB /* Preview Content */ = {
			isa = PBXGroup;
			children = (
				2CC3CF1B2CF3B5DF00CA61AB /* Preview Assets.xcassets */,
			);
			path = "Preview Content";
			sourceTree = "<group>";
		};
/* End PBXGroup section */

/* Begin PBXNativeTarget section */
		2CC3CF102CF3B5DD00CA61AB /* BocznyScanner */ = {
			isa = PBXNativeTarget;
			buildConfigurationList = 2CC3CF242CF3B5DF00CA61AB /* Build configuration list for PBXNativeTarget "BocznyScanner" */;
			buildPhases = (
				2CC3CF0D2CF3B5DD00CA61AB /* Sources */,
				2CC3CF0E2CF3B5DD00CA61AB /* Frameworks */,
				2CC3CF0F2CF3B5DD00CA61AB /* Resources */,
			);
			buildRules = (
			);
			dependencies = (
			);
			name = BocznyScanner;
			productName = BocznyScanner;
			productReference = 2CC3CF112CF3B5DD00CA61AB /* BocznyScanner.app */;
			productType = "com.apple.product-type.application";
		};
/* End PBXNativeTarget section */

/* Begin PBXProject section */
		2CC3CF092CF3B5DC00CA61AB /* Project object */ = {
			isa = PBXProject;
			attributes = {
				BuildIndependentTargetsInParallel = 1;
				LastSwiftUpdateCheck = 1540;
				LastUpgradeCheck = 1540;
				TargetAttributes = {
					2CC3CF102CF3B5DD00CA61AB = {
						CreatedOnToolsVersion = 15.4;
					};
				};
			};
			buildConfigurationList = 2CC3CF0C2CF3B5DC00CA61AB /* Build configuration list for PBXProject "BocznyScanner" */;
			compatibilityVersion = "Xcode 14.0";
			developmentRegion = en;
			hasScannedForEncodings = 0;
			knownRegions = (
				en,
				Base,
			);
			mainGroup = 2CC3CF082CF3B5DC00CA61AB;
			productRefGroup = 2CC3CF122CF3B5DD00CA61AB /* Products */;
			projectDirPath = "";
			projectRoot = "";
			targets = (
				2CC3CF102CF3B5DD00CA61AB /* BocznyScanner */,
			);
		};
/* End PBXProject section */

/* Begin PBXResourcesBuildPhase section */
		2CC3CF0F2CF3B5DD00CA61AB /* Resources */ = {
			isa = PBXResourcesBuildPhase;
			buildActionMask = 2147483647;
			files = (
				2CC3CF1C2CF3B5DF00CA61AB /* Preview Assets.xcassets in Resources */,
				2CC3CF192CF3B5DF00CA61AB /* Assets.xcassets in Resources */,
			);
			runOnlyForDeploymentPostprocessing = 0;
		};
/* End PBXResourcesBuildPhase section */

/* Begin PBXSourcesBuildPhase section */
		2CC3CF0D2CF3B5DD00CA61AB /* Sources */ = {
			isa = PBXSourcesBuildPhase;
			buildActionMask = 2147483647;
			files = (
				2CC3CF1E2CF3B5DF00CA61AB /* Persistence.swift in Sources */,
				2CC3CF212CF3B5DF00CA61AB /* BocznyScanner.xcdatamodeld in Sources */,
				2CC3CF172CF3B5DD00CA61AB /* ContentView.swift in Sources */,
				2CC3CF152CF3B5DD00CA61AB /* BocznyScannerApp.swift in Sources */,
			);
			runOnlyForDeploymentPostprocessing = 0;
		};
/* End PBXSourcesBuildPhase section */

/* Begin XCBuildConfiguration section */
		2CC3CF222CF3B5DF00CA61AB /* Debug */ = {
			isa = XCBuildConfiguration;
			buildSettings = {
				ALWAYS_SEARCH_USER_PATHS = NO;
				ASSETCATALOG_COMPILER_GENERATE_SWIFT_ASSET_SYMBOL_EXTENSIONS = YES;
				CLANG_ANALYZER_NONNULL = YES;
				CLANG_ANALYZER_NUMBER_OBJECT_CONVERSION = YES_AGGRESSIVE;
				CLANG_CXX_LANGUAGE_STANDARD = "gnu++20";
				CLANG_ENABLE_MODULES = YES;
				CLANG_ENABLE_OBJC_ARC = YES;
				CLANG_ENABLE_OBJC_WEAK = YES;
				CLANG_WARN_BLOCK_CAPTURE_AUTORELEASING = YES;
				CLANG_WARN_BOOL_CONVERSION = YES;
				CLANG_WARN_COMMA = YES;
				CLANG_WARN_CONSTANT_CONVERSION = YES;
				CLANG_WARN_DEPRECATED_OBJC_IMPLEMENTATIONS = YES;
				CLANG_WARN_DIRECT_OBJC_ISA_USAGE = YES_ERROR;
				CLANG_WARN_DOCUMENTATION_COMMENTS = YES;
				CLANG_WARN_EMPTY_BODY = YES;
				CLANG_WARN_ENUM_CONVERSION = YES;
				CLANG_WARN_INFINITE_RECURSION = YES;
				CLANG_WARN_INT_CONVERSION = YES;
				CLANG_WARN_NON_LITERAL_NULL_CONVERSION = YES;
				CLANG_WARN_OBJC_IMPLICIT_RETAIN_SELF = YES;
				CLANG_WARN_OBJC_LITERAL_CONVERSION = YES;
				CLANG_WARN_OBJC_ROOT_CLASS = YES_ERROR;
				CLANG_WARN_QUOTED_INCLUDE_IN_FRAMEWORK_HEADER = YES;
				CLANG_WARN_RANGE_LOOP_ANALYSIS = YES;
				CLANG_WARN_STRICT_PROTOTYPES = YES;
				CLANG_WARN_SUSPICIOUS_MOVE = YES;
				CLANG_WARN_UNGUARDED_AVAILABILITY = YES_AGGRESSIVE;
				CLANG_WARN_UNREACHABLE_CODE = YES;
				CLANG_WARN__DUPLICATE_METHOD_MATCH = YES;
				COPY_PHASE_STRIP = NO;
				DEBUG_INFORMATION_FORMAT = dwarf;
				ENABLE_STRICT_OBJC_MSGSEND = YES;
				ENABLE_TESTABILITY = YES;
				ENABLE_USER_SCRIPT_SANDBOXING = YES;
				GCC_C_LANGUAGE_STANDARD = gnu17;
				GCC_DYNAMIC_NO_PIC = NO;
				GCC_NO_COMMON_BLOCKS = YES;
				GCC_OPTIMIZATION_LEVEL = 0;
				GCC_PREPROCESSOR_DEFINITIONS = (
					"DEBUG=1",
					"$(inherited)",
				);
				GCC_WARN_64_TO_32_BIT_CONVERSION = YES;
				GCC_WARN_ABOUT_RETURN_TYPE = YES_ERROR;
				GCC_WARN_UNDECLARED_SELECTOR = YES;
				GCC_WARN_UNINITIALIZED_AUTOS = YES_AGGRESSIVE;
				GCC_WARN_UNUSED_FUNCTION = YES;
				GCC_WARN_UNUSED_VARIABLE = YES;
				IPHONEOS_DEPLOYMENT_TARGET = 17.5;
				LOCALIZATION_PREFERS_STRING_CATALOGS = YES;
				MTL_ENABLE_DEBUG_INFO = INCLUDE_SOURCE;
				MTL_FAST_MATH = YES;
				ONLY_ACTIVE_ARCH = YES;
				SDKROOT = iphoneos;
				SWIFT_ACTIVE_COMPILATION_CONDITIONS = "DEBUG $(inherited)";
				SWIFT_OPTIMIZATION_LEVEL = "-Onone";
			};
			name = Debug;
		};
		2CC3CF232CF3B5DF00CA61AB /* Release */ = {
			isa = XCBuildConfiguration;
			buildSettings = {
				ALWAYS_SEARCH_USER_PATHS = NO;
				ASSETCATALOG_COMPILER_GENERATE_SWIFT_ASSET_SYMBOL_EXTENSIONS = YES;
				CLANG_ANALYZER_NONNULL = YES;
				CLANG_ANALYZER_NUMBER_OBJECT_CONVERSION = YES_AGGRESSIVE;
				CLANG_CXX_LANGUAGE_STANDARD = "gnu++20";
				CLANG_ENABLE_MODULES = YES;
				CLANG_ENABLE_OBJC_ARC = YES;
				CLANG_ENABLE_OBJC_WEAK = YES;
				CLANG_WARN_BLOCK_CAPTURE_AUTORELEASING = YES;
				CLANG_WARN_BOOL_CONVERSION = YES;
				CLANG_WARN_COMMA = YES;
				CLANG_WARN_CONSTANT_CONVERSION = YES;
				CLANG_WARN_DEPRECATED_OBJC_IMPLEMENTATIONS = YES;
				CLANG_WARN_DIRECT_OBJC_ISA_USAGE = YES_ERROR;
				CLANG_WARN_DOCUMENTATION_COMMENTS = YES;
				CLANG_WARN_EMPTY_BODY = YES;
				CLANG_WARN_ENUM_CONVERSION = YES;
				CLANG_WARN_INFINITE_RECURSION = YES;
				CLANG_WARN_INT_CONVERSION = YES;
				CLANG_WARN_NON_LITERAL_NULL_CONVERSION = YES;
				CLANG_WARN_OBJC_IMPLICIT_RETAIN_SELF = YES;
				CLANG_WARN_OBJC_LITERAL_CONVERSION = YES;
				CLANG_WARN_OBJC_ROOT_CLASS = YES_ERROR;
				CLANG_WARN_QUOTED_INCLUDE_IN_FRAMEWORK_HEADER = YES;
				CLANG_WARN_RANGE_LOOP_ANALYSIS = YES;
				CLANG_WARN_STRICT_PROTOTYPES = YES;
				CLANG_WARN_SUSPICIOUS_MOVE = YES;
				CLANG_WARN_UNGUARDED_AVAILABILITY = YES_AGGRESSIVE;
				CLANG_WARN_UNREACHABLE_CODE = YES;
				CLANG_WARN__DUPLICATE_METHOD_MATCH = YES;
				COPY_PHASE_STRIP = NO;
				DEBUG_INFORMATION_FORMAT = "dwarf-with-dsym";
				ENABLE_NS_ASSERTIONS = NO;
				ENABLE_STRICT_OBJC_MSGSEND = YES;
				ENABLE_USER_SCRIPT_SANDBOXING = YES;
				GCC_C_LANGUAGE_STANDARD = gnu17;
				GCC_NO_COMMON_BLOCKS = YES;
				GCC_WARN_64_TO_32_BIT_CONVERSION = YES;
				GCC_WARN_ABOUT_RETURN_TYPE = YES_ERROR;
				GCC_WARN_UNDECLARED_SELECTOR = YES;
				GCC_WARN_UNINITIALIZED_AUTOS = YES_AGGRESSIVE;
				GCC_WARN_UNUSED_FUNCTION = YES;
				GCC_WARN_UNUSED_VARIABLE = YES;
				IPHONEOS_DEPLOYMENT_TARGET = 17.5;
				LOCALIZATION_PREFERS_STRING_CATALOGS = YES;
				MTL_ENABLE_DEBUG_INFO = NO;
				MTL_FAST_MATH = YES;
				SDKROOT = iphoneos;
				SWIFT_COMPILATION_MODE = wholemodule;
				VALIDATE_PRODUCT = YES;
			};
			name = Release;
		};
		2CC3CF252CF3B5DF00CA61AB /* Debug */ = {
			isa = XCBuildConfiguration;
			buildSettings = {
				ASSETCATALOG_COMPILER_APPICON_NAME = AppIcon;
				ASSETCATALOG_COMPILER_GLOBAL_ACCENT_COLOR_NAME = AccentColor;
				CODE_SIGN_STYLE = Automatic;
				CURRENT_PROJECT_VERSION = 1;
				DEVELOPMENT_ASSET_PATHS = "\"BocznyScanner/Preview Content\"";
				DEVELOPMENT_TEAM = 96DNG3HR9U;
				ENABLE_PREVIEWS = YES;
				GENERATE_INFOPLIST_FILE = YES;
				INFOPLIST_KEY_UIApplicationSceneManifest_Generation = YES;
				INFOPLIST_KEY_UIApplicationSupportsIndirectInputEvents = YES;
				INFOPLIST_KEY_UILaunchScreen_Generation = YES;
				INFOPLIST_KEY_UISupportedInterfaceOrientations_iPad = "UIInterfaceOrientationPortrait UIInterfaceOrientationPortraitUpsideDown UIInterfaceOrientationLandscapeLeft UIInterfaceOrientationLandscapeRight";
				INFOPLIST_KEY_UISupportedInterfaceOrientations_iPhone = "UIInterfaceOrientationPortrait UIInterfaceOrientationLandscapeLeft UIInterfaceOrientationLandscapeRight";
				LD_RUNPATH_SEARCH_PATHS = (
					"$(inherited)",
					"@executable_path/Frameworks",
				);
				MARKETING_VERSION = 1.0;
				PRODUCT_BUNDLE_IDENTIFIER = krusis.BocznyScanner;
				PRODUCT_NAME = "$(TARGET_NAME)";
				SWIFT_EMIT_LOC_STRINGS = YES;
				SWIFT_VERSION = 5.0;
				TARGETED_DEVICE_FAMILY = "1,2";
			};
			name = Debug;
		};
		2CC3CF262CF3B5DF00CA61AB /* Release */ = {
			isa = XCBuildConfiguration;
			buildSettings = {
				ASSETCATALOG_COMPILER_APPICON_NAME = AppIcon;
				ASSETCATALOG_COMPILER_GLOBAL_ACCENT_COLOR_NAME = AccentColor;
				CODE_SIGN_STYLE = Automatic;
				CURRENT_PROJECT_VERSION = 1;
				DEVELOPMENT_ASSET_PATHS = "\"BocznyScanner/Preview Content\"";
				DEVELOPMENT_TEAM = 96DNG3HR9U;
				ENABLE_PREVIEWS = YES;
				GENERATE_INFOPLIST_FILE = YES;
				INFOPLIST_KEY_UIApplicationSceneManifest_Generation = YES;
				INFOPLIST_KEY_UIApplicationSupportsIndirectInputEvents = YES;
				INFOPLIST_KEY_UILaunchScreen_Generation = YES;
				INFOPLIST_KEY_UISupportedInterfaceOrientations_iPad = "UIInterfaceOrientationPortrait UIInterfaceOrientationPortraitUpsideDown UIInterfaceOrientationLandscapeLeft UIInterfaceOrientationLandscapeRight";
				INFOPLIST_KEY_UISupportedInterfaceOrientations_iPhone = "UIInterfaceOrientationPortrait UIInterfaceOrientationLandscapeLeft UIInterfaceOrientationLandscapeRight";
				LD_RUNPATH_SEARCH_PATHS = (
					"$(inherited)",
					"@executable_path/Frameworks",
				);
				MARKETING_VERSION = 1.0;
				PRODUCT_BUNDLE_IDENTIFIER = krusis.BocznyScanner;
				PRODUCT_NAME = "$(TARGET_NAME)";
				SWIFT_EMIT_LOC_STRINGS = YES;
				SWIFT_VERSION = 5.0;
				TARGETED_DEVICE_FAMILY = "1,2";
			};
			name = Release;
		};
/* End XCBuildConfiguration section */

/* Begin XCConfigurationList section */
		2CC3CF0C2CF3B5DC00CA61AB /* Build configuration list for PBXProject "BocznyScanner" */ = {
			isa = XCConfigurationList;
			buildConfigurations = (
				2CC3CF222CF3B5DF00CA61AB /* Debug */,
				2CC3CF232CF3B5DF00CA61AB /* Release */,
			);
			defaultConfigurationIsVisible = 0;
			defaultConfigurationName = Release;
		};
		2CC3CF242CF3B5DF00CA61AB /* Build configuration list for PBXNativeTarget "BocznyScanner" */ = {
			isa = XCConfigurationList;
			buildConfigurations = (
				2CC3CF252CF3B5DF00CA61AB /* Debug */,
				2CC3CF262CF3B5DF00CA61AB /* Release */,
			);
			defaultConfigurationIsVisible = 0;
			defaultConfigurationName = Release;
		};
/* End XCConfigurationList section */

/* Begin XCVersionGroup section */
		2CC3CF1F2CF3B5DF00CA61AB /* BocznyScanner.xcdatamodeld */ = {
			isa = XCVersionGroup;
			children = (
				2CC3CF202CF3B5DF00CA61AB /* BocznyScanner.xcdatamodel */,
			);
			currentVersion = 2CC3CF202CF3B5DF00CA61AB /* BocznyScanner.xcdatamodel */;
			path = BocznyScanner.xcdatamodeld;
			sourceTree = "<group>";
			versionGroupType = wrapper.xcdatamodel;
		};
/* End XCVersionGroup section */
	};
	rootObject = 2CC3CF092CF3B5DC00CA61AB /* Project object */;
}
